
Microsoft Visual Studio Solution File, Format Version 12.00
# Visual Studio Version 17
VisualStudioVersion = 17.9.34622.214
MinimumVisualStudioVersion = 10.0.40219.1
Project("{FAE04EC0-301F-11D3-BF4B-00C04F79EFBC}") = "NetFrameworkServer-built", "NetFrameworkServer-built\NetFrameworkServer-built.csproj", "{78B06D78-CBAD-4D21-AFDD-47EE6B8AEEC3}"
EndProject
Global
	GlobalSection(SolutionConfigurationPlatforms) = preSolution
		Debug|Any CPU = Debug|Any CPU
		Release|Any CPU = Release|Any CPU
	EndGlobalSection
	GlobalSection(ProjectConfigurationPlatforms) = postSolution
		{78B06D78-CBAD-4D21-AFDD-47EE6B8AEEC3}.Debug|Any CPU.ActiveCfg = Debug|Any CPU
		{78B06D78-CBAD-4D21-AFDD-47EE6B8AEEC3}.Debug|Any CPU.Build.0 = Debug|Any CPU
		{78B06D78-CBAD-4D21-AFDD-47EE6B8AEEC3}.Release|Any CPU.ActiveCfg = Release|Any CPU
		{78B06D78-CBAD-4D21-AFDD-47EE6B8AEEC3}.Release|Any CPU.Build.0 = Release|Any CPU
	EndGlobalSection
	GlobalSection(SolutionProperties) = preSolution
		HideSolutionNode = FALSE
	EndGlobalSection
	GlobalSection(ExtensibilityGlobals) = postSolution
		SolutionGuid = {4501828C-C577-48C7-A28B-6127E417312C}
	EndGlobalSection
EndGlobal
